
Microsoft Visual Studio Solution File, Format Version 12.00
# Visual Studio Version 16
VisualStudioVersion = 16.0.29806.167
MinimumVisualStudioVersion = 10.0.40219.1
Project("{00D1A9C2-B5F0-4AF3-8072-F6C62B433612}") = "DB_TryLog", "DB_TryLog.sqlproj", "{40589067-3519-496A-BB87-52BA072F27B6}"
EndProject
Global
	GlobalSection(SolutionConfigurationPlatforms) = preSolution
		Debug|Any CPU = Debug|Any CPU
		Release|Any CPU = Release|Any CPU
	EndGlobalSection
	GlobalSection(ProjectConfigurationPlatforms) = postSolution
		{40589067-3519-496A-BB87-52BA072F27B6}.Debug|Any CPU.ActiveCfg = Debug|Any CPU
		{40589067-3519-496A-BB87-52BA072F27B6}.Debug|Any CPU.Build.0 = Debug|Any CPU
		{40589067-3519-496A-BB87-52BA072F27B6}.Debug|Any CPU.Deploy.0 = Debug|Any CPU
		{40589067-3519-496A-BB87-52BA072F27B6}.Release|Any CPU.ActiveCfg = Release|Any CPU
		{40589067-3519-496A-BB87-52BA072F27B6}.Release|Any CPU.Build.0 = Release|Any CPU
		{40589067-3519-496A-BB87-52BA072F27B6}.Release|Any CPU.Deploy.0 = Release|Any CPU
	EndGlobalSection
	GlobalSection(SolutionProperties) = preSolution
		HideSolutionNode = FALSE
	EndGlobalSection
	GlobalSection(ExtensibilityGlobals) = postSolution
		SolutionGuid = {E3E2F800-2A43-4F2A-9EA2-EB2DCEFA990D}
	EndGlobalSection
EndGlobal
